
Microsoft Visual Studio Solution File, Format Version 12.00
# Visual Studio Version 16
VisualStudioVersion = 16.0.29326.143
MinimumVisualStudioVersion = 10.0.40219.1
Project("{FAE04EC0-301F-11D3-BF4B-00C04F79EFBC}") = "MyTaxi", "MyTaxi\MyTaxi.csproj", "{62115313-D49B-4908-962F-DA5A17472251}"
EndProject
Global
	GlobalSection(SolutionConfigurationPlatforms) = preSolution
		Debug|Any CPU = Debug|Any CPU
		Release|Any CPU = Release|Any CPU
	EndGlobalSection
	GlobalSection(ProjectConfigurationPlatforms) = postSolution
		{62115313-D49B-4908-962F-DA5A17472251}.Debug|Any CPU.ActiveCfg = Debug|Any CPU
		{62115313-D49B-4908-962F-DA5A17472251}.Debug|Any CPU.Build.0 = Debug|Any CPU
		{62115313-D49B-4908-962F-DA5A17472251}.Release|Any CPU.ActiveCfg = Release|Any CPU
		{62115313-D49B-4908-962F-DA5A17472251}.Release|Any CPU.Build.0 = Release|Any CPU
	EndGlobalSection
	GlobalSection(SolutionProperties) = preSolution
		HideSolutionNode = FALSE
	EndGlobalSection
	GlobalSection(ExtensibilityGlobals) = postSolution
		SolutionGuid = {A7FB5BBA-71EA-4B45-82F5-4E54D3F05310}
	EndGlobalSection
EndGlobal
